
Microsoft Visual Studio Solution File, Format Version 12.00
# Visual Studio Version 17
VisualStudioVersion = 17.4.33213.308
MinimumVisualStudioVersion = 10.0.40219.1
Project("{FAE04EC0-301F-11D3-BF4B-00C04F79EFBC}") = "GitEx", "GitEx.csproj", "{99ECFF4F-2982-4A0E-9564-B760CA656714}"
EndProject
Global
	GlobalSection(SolutionConfigurationPlatforms) = preSolution
		Debug|Any CPU = Debug|Any CPU
		Release|Any CPU = Release|Any CPU
	EndGlobalSection
	GlobalSection(ProjectConfigurationPlatforms) = postSolution
		{99ECFF4F-2982-4A0E-9564-B760CA656714}.Debug|Any CPU.ActiveCfg = Debug|Any CPU
		{99ECFF4F-2982-4A0E-9564-B760CA656714}.Debug|Any CPU.Build.0 = Debug|Any CPU
		{99ECFF4F-2982-4A0E-9564-B760CA656714}.Release|Any CPU.ActiveCfg = Release|Any CPU
		{99ECFF4F-2982-4A0E-9564-B760CA656714}.Release|Any CPU.Build.0 = Release|Any CPU
	EndGlobalSection
	GlobalSection(SolutionProperties) = preSolution
		HideSolutionNode = FALSE
	EndGlobalSection
	GlobalSection(ExtensibilityGlobals) = postSolution
		SolutionGuid = {4FD9D318-9E71-4427-88D4-AC8C270BBA9D}
	EndGlobalSection
EndGlobal
